// !$*UTF8*$!
{
	archiveVersion = 1;
	classes = {
	};
	objectVersion = 46;
	objects = {

/* Begin PBXBuildFile section */
		40036D7E1FEF2C34007CBE80 /* Slackbot.swift in Sources */ = {isa = PBXBuildFile; fileRef = 40036D7D1FEF2C34007CBE80 /* Slackbot.swift */; };
		402F37941FEC77A20014467B /* User.swift in Sources */ = {isa = PBXBuildFile; fileRef = 402F37931FEC77A20014467B /* User.swift */; };
		404B51EF1FF08D4200FC6384 /* UIColorExtension.swift in Sources */ = {isa = PBXBuildFile; fileRef = 404B51EE1FF08D4200FC6384 /* UIColorExtension.swift */; };
		406BF8F11FF04F2600E87C1E /* Reach.swift in Sources */ = {isa = PBXBuildFile; fileRef = 406BF8F01FF04F2600E87C1E /* Reach.swift */; };
		406BF8F51FF04F3900E87C1E /* UIViewController+Alerts.m in Sources */ = {isa = PBXBuildFile; fileRef = 406BF8F31FF04F3800E87C1E /* UIViewController+Alerts.m */; };
		40EFE6E11FEDBA0B006DAC9A /* IsaoTextField.swift in Sources */ = {isa = PBXBuildFile; fileRef = 40EFE6D51FEDBA09006DAC9A /* IsaoTextField.swift */; };
		40EFE6E21FEDBA0B006DAC9A /* Info.plist in Resources */ = {isa = PBXBuildFile; fileRef = 40EFE6D61FEDBA0A006DAC9A /* Info.plist */; };
		40EFE6E41FEDBA0B006DAC9A /* TextFieldEffects.swift in Sources */ = {isa = PBXBuildFile; fileRef = 40EFE6D81FEDBA0A006DAC9A /* TextFieldEffects.swift */; };
		40F7D8121FF0366100D17776 /* ImageUploadManager.swift in Sources */ = {isa = PBXBuildFile; fileRef = 40F7D8111FF0366100D17776 /* ImageUploadManager.swift */; };
		4FF8AB7F834C4B1EEE10C8F3 /* Pods_GuestCheckInSystem.framework in Frameworks */ = {isa = PBXBuildFile; fileRef = C9CDAC1EC0A0A4B2E2AD692B /* Pods_GuestCheckInSystem.framework */; };
		9D124BF11FA49B2C003A8B3B /* SlackConstants.swift in Sources */ = {isa = PBXBuildFile; fileRef = 9D124BF01FA49B2C003A8B3B /* SlackConstants.swift */; };
		9DD1B11D1FA44F0200226733 /* AppDelegate.swift in Sources */ = {isa = PBXBuildFile; fileRef = 9DD1B11C1FA44F0200226733 /* AppDelegate.swift */; };
		9DD1B11F1FA44F0200226733 /* ViewController.swift in Sources */ = {isa = PBXBuildFile; fileRef = 9DD1B11E1FA44F0200226733 /* ViewController.swift */; };
		9DD1B1221FA44F0200226733 /* Main.storyboard in Resources */ = {isa = PBXBuildFile; fileRef = 9DD1B1201FA44F0200226733 /* Main.storyboard */; };
		9DD1B1241FA44F0200226733 /* Assets.xcassets in Resources */ = {isa = PBXBuildFile; fileRef = 9DD1B1231FA44F0200226733 /* Assets.xcassets */; };
		9DD1B1271FA44F0200226733 /* LaunchScreen.storyboard in Resources */ = {isa = PBXBuildFile; fileRef = 9DD1B1251FA44F0200226733 /* LaunchScreen.storyboard */; };
/* End PBXBuildFile section */

/* Begin PBXFileReference section */
		335DCCD9001B6025B7E15495 /* Pods-GuestCheckInSystem.debug.xcconfig */ = {isa = PBXFileReference; includeInIndex = 1; lastKnownFileType = text.xcconfig; name = "Pods-GuestCheckInSystem.debug.xcconfig"; path = "Pods/Target Support Files/Pods-GuestCheckInSystem/Pods-GuestCheckInSystem.debug.xcconfig"; sourceTree = "<group>"; };
		40036D7D1FEF2C34007CBE80 /* Slackbot.swift */ = {isa = PBXFileReference; lastKnownFileType = sourcecode.swift; path = Slackbot.swift; sourceTree = "<group>"; };
		402F37931FEC77A20014467B /* User.swift */ = {isa = PBXFileReference; lastKnownFileType = sourcecode.swift; path = User.swift; sourceTree = "<group>"; };
		404B51EE1FF08D4200FC6384 /* UIColorExtension.swift */ = {isa = PBXFileReference; lastKnownFileType = sourcecode.swift; path = UIColorExtension.swift; sourceTree = "<group>"; };
		406BF8F01FF04F2600E87C1E /* Reach.swift */ = {isa = PBXFileReference; fileEncoding = 4; lastKnownFileType = sourcecode.swift; path = Reach.swift; sourceTree = "<group>"; };
		406BF8F21FF04F3700E87C1E /* SlackChannelBotIntegration-Bridging-Header.h */ = {isa = PBXFileReference; lastKnownFileType = sourcecode.c.h; path = "SlackChannelBotIntegration-Bridging-Header.h"; sourceTree = "<group>"; };
		406BF8F31FF04F3800E87C1E /* UIViewController+Alerts.m */ = {isa = PBXFileReference; fileEncoding = 4; lastKnownFileType = sourcecode.c.objc; path = "UIViewController+Alerts.m"; sourceTree = "<group>"; };
		406BF8F41FF04F3900E87C1E /* UIViewController+Alerts.h */ = {isa = PBXFileReference; fileEncoding = 4; lastKnownFileType = sourcecode.c.h; path = "UIViewController+Alerts.h"; sourceTree = "<group>"; };
		40EFE6D51FEDBA09006DAC9A /* IsaoTextField.swift */ = {isa = PBXFileReference; fileEncoding = 4; lastKnownFileType = sourcecode.swift; path = IsaoTextField.swift; sourceTree = "<group>"; };
		40EFE6D61FEDBA0A006DAC9A /* Info.plist */ = {isa = PBXFileReference; fileEncoding = 4; lastKnownFileType = text.plist.xml; path = Info.plist; sourceTree = "<group>"; };
		40EFE6D81FEDBA0A006DAC9A /* TextFieldEffects.swift */ = {isa = PBXFileReference; fileEncoding = 4; lastKnownFileType = sourcecode.swift; path = TextFieldEffects.swift; sourceTree = "<group>"; };
		40EFE6DB1FEDBA0B006DAC9A /* TextFieldEffects.h */ = {isa = PBXFileReference; fileEncoding = 4; lastKnownFileType = sourcecode.c.h; path = TextFieldEffects.h; sourceTree = "<group>"; };
		40F7D8111FF0366100D17776 /* ImageUploadManager.swift */ = {isa = PBXFileReference; lastKnownFileType = sourcecode.swift; path = ImageUploadManager.swift; sourceTree = "<group>"; };
		7E18966BD0F1ED307EF0C968 /* Pods-GuestCheckInSystem.release.xcconfig */ = {isa = PBXFileReference; includeInIndex = 1; lastKnownFileType = text.xcconfig; name = "Pods-GuestCheckInSystem.release.xcconfig"; path = "Pods/Target Support Files/Pods-GuestCheckInSystem/Pods-GuestCheckInSystem.release.xcconfig"; sourceTree = "<group>"; };
		9D124BF01FA49B2C003A8B3B /* SlackConstants.swift */ = {isa = PBXFileReference; fileEncoding = 4; lastKnownFileType = sourcecode.swift; path = SlackConstants.swift; sourceTree = "<group>"; };
		9DD1B1191FA44F0200226733 /* GuestCheckInSystem.app */ = {isa = PBXFileReference; explicitFileType = wrapper.application; includeInIndex = 0; path = GuestCheckInSystem.app; sourceTree = BUILT_PRODUCTS_DIR; };
		9DD1B11C1FA44F0200226733 /* AppDelegate.swift */ = {isa = PBXFileReference; lastKnownFileType = sourcecode.swift; path = AppDelegate.swift; sourceTree = "<group>"; };
		9DD1B11E1FA44F0200226733 /* ViewController.swift */ = {isa = PBXFileReference; lastKnownFileType = sourcecode.swift; path = ViewController.swift; sourceTree = "<group>"; };
		9DD1B1211FA44F0200226733 /* Base */ = {isa = PBXFileReference; lastKnownFileType = file.storyboard; name = Base; path = Base.lproj/Main.storyboard; sourceTree = "<group>"; };
		9DD1B1231FA44F0200226733 /* Assets.xcassets */ = {isa = PBXFileReference; lastKnownFileType = folder.assetcatalog; path = Assets.xcassets; sourceTree = "<group>"; };
		9DD1B1261FA44F0200226733 /* Base */ = {isa = PBXFileReference; lastKnownFileType = file.storyboard; name = Base; path = Base.lproj/LaunchScreen.storyboard; sourceTree = "<group>"; };
		9DD1B1281FA44F0200226733 /* Info.plist */ = {isa = PBXFileReference; lastKnownFileType = text.plist.xml; path = Info.plist; sourceTree = "<group>"; };
		C9CDAC1EC0A0A4B2E2AD692B /* Pods_GuestCheckInSystem.framework */ = {isa = PBXFileReference; explicitFileType = wrapper.framework; includeInIndex = 0; path = Pods_GuestCheckInSystem.framework; sourceTree = BUILT_PRODUCTS_DIR; };
/* End PBXFileReference section */

/* Begin PBXFrameworksBuildPhase section */
		9DD1B1161FA44F0200226733 /* Frameworks */ = {
			isa = PBXFrameworksBuildPhase;
			buildActionMask = 2147483647;
			files = (
				4FF8AB7F834C4B1EEE10C8F3 /* Pods_GuestCheckInSystem.framework in Frameworks */,
			);
			runOnlyForDeploymentPostprocessing = 0;
		};
/* End PBXFrameworksBuildPhase section */

/* Begin PBXGroup section */
		404B51F01FF0910100FC6384 /* Slack */ = {
			isa = PBXGroup;
			children = (
				9D124BF01FA49B2C003A8B3B /* SlackConstants.swift */,
				40036D7D1FEF2C34007CBE80 /* Slackbot.swift */,
			);
			path = Slack;
			sourceTree = "<group>";
		};
		404B51F11FF0912700FC6384 /* Model */ = {
			isa = PBXGroup;
			children = (
				402F37931FEC77A20014467B /* User.swift */,
			);
			path = Model;
			sourceTree = "<group>";
		};
		404B51F21FF0913400FC6384 /* Supporting FIles */ = {
			isa = PBXGroup;
			children = (
				40F7D8111FF0366100D17776 /* ImageUploadManager.swift */,
				406BF8F01FF04F2600E87C1E /* Reach.swift */,
				9DD1B11C1FA44F0200226733 /* AppDelegate.swift */,
				406BF8F41FF04F3900E87C1E /* UIViewController+Alerts.h */,
				406BF8F31FF04F3800E87C1E /* UIViewController+Alerts.m */,
			);
			path = "Supporting FIles";
			sourceTree = "<group>";
		};
		404B51F31FF0914300FC6384 /* Color */ = {
			isa = PBXGroup;
			children = (
				404B51EE1FF08D4200FC6384 /* UIColorExtension.swift */,
			);
			path = Color;
			sourceTree = "<group>";
		};
		404B51F41FF0916500FC6384 /* Storyboard */ = {
			isa = PBXGroup;
			children = (
				9DD1B1201FA44F0200226733 /* Main.storyboard */,
				9DD1B1251FA44F0200226733 /* LaunchScreen.storyboard */,
			);
			path = Storyboard;
			sourceTree = "<group>";
		};
		404B51F51FF091B200FC6384 /* ViewController */ = {
			isa = PBXGroup;
			children = (
				9DD1B11E1FA44F0200226733 /* ViewController.swift */,
			);
			path = ViewController;
			sourceTree = "<group>";
		};
		40EFE6EA1FEDBA48006DAC9A /* TextFieldEffects */ = {
			isa = PBXGroup;
			children = (
				40EFE6D51FEDBA09006DAC9A /* IsaoTextField.swift */,
				40EFE6DB1FEDBA0B006DAC9A /* TextFieldEffects.h */,
				40EFE6D81FEDBA0A006DAC9A /* TextFieldEffects.swift */,
				40EFE6D61FEDBA0A006DAC9A /* Info.plist */,
			);
			path = TextFieldEffects;
			sourceTree = "<group>";
		};
		87BD7DF28C2891C51906A82F /* Frameworks */ = {
			isa = PBXGroup;
			children = (
				C9CDAC1EC0A0A4B2E2AD692B /* Pods_GuestCheckInSystem.framework */,
			);
			name = Frameworks;
			sourceTree = "<group>";
		};
		9DD1B1101FA44F0200226733 = {
			isa = PBXGroup;
			children = (
				9DD1B11B1FA44F0200226733 /* GuestCheckInSystem */,
				9DD1B11A1FA44F0200226733 /* Products */,
				40EFE6EA1FEDBA48006DAC9A /* TextFieldEffects */,
				EAF0BC5F8B28EFDBAFE77074 /* Pods */,
				87BD7DF28C2891C51906A82F /* Frameworks */,
			);
			sourceTree = "<group>";
		};
		9DD1B11A1FA44F0200226733 /* Products */ = {
			isa = PBXGroup;
			children = (
				9DD1B1191FA44F0200226733 /* GuestCheckInSystem.app */,
			);
			name = Products;
			sourceTree = "<group>";
		};
		9DD1B11B1FA44F0200226733 /* GuestCheckInSystem */ = {
			isa = PBXGroup;
			children = (
				404B51F51FF091B200FC6384 /* ViewController */,
				404B51F41FF0916500FC6384 /* Storyboard */,
				404B51F21FF0913400FC6384 /* Supporting FIles */,
				404B51F11FF0912700FC6384 /* Model */,
				404B51F01FF0910100FC6384 /* Slack */,
				404B51F31FF0914300FC6384 /* Color */,
				9DD1B1231FA44F0200226733 /* Assets.xcassets */,
				406BF8F21FF04F3700E87C1E /* SlackChannelBotIntegration-Bridging-Header.h */,
				9DD1B1281FA44F0200226733 /* Info.plist */,
			);
			path = GuestCheckInSystem;
			sourceTree = "<group>";
		};
		EAF0BC5F8B28EFDBAFE77074 /* Pods */ = {
			isa = PBXGroup;
			children = (
				335DCCD9001B6025B7E15495 /* Pods-GuestCheckInSystem.debug.xcconfig */,
				7E18966BD0F1ED307EF0C968 /* Pods-GuestCheckInSystem.release.xcconfig */,
			);
			name = Pods;
			sourceTree = "<group>";
		};
/* End PBXGroup section */

/* Begin PBXNativeTarget section */
		9DD1B1181FA44F0200226733 /* GuestCheckInSystem */ = {
			isa = PBXNativeTarget;
			buildConfigurationList = 9DD1B1411FA44F0300226733 /* Build configuration list for PBXNativeTarget "GuestCheckInSystem" */;
			buildPhases = (
				096B615B6474211BF41AAE1F /* [CP] Check Pods Manifest.lock */,
				9DD1B1151FA44F0200226733 /* Sources */,
				9DD1B1161FA44F0200226733 /* Frameworks */,
				9DD1B1171FA44F0200226733 /* Resources */,
				886F3AB58B27B99ADC9EBF00 /* [CP] Embed Pods Frameworks */,
				B43DD9E3223EE59F1265E206 /* [CP] Copy Pods Resources */,
			);
			buildRules = (
			);
			dependencies = (
			);
			name = GuestCheckInSystem;
			productName = SlackChannelBotIntegration;
			productReference = 9DD1B1191FA44F0200226733 /* GuestCheckInSystem.app */;
			productType = "com.apple.product-type.application";
		};
/* End PBXNativeTarget section */

/* Begin PBXProject section */
		9DD1B1111FA44F0200226733 /* Project object */ = {
			isa = PBXProject;
			attributes = {
				LastSwiftUpdateCheck = 0830;
				LastUpgradeCheck = 0830;
				ORGANIZATIONNAME = SandsHellCreations;
				TargetAttributes = {
					9DD1B1181FA44F0200226733 = {
						CreatedOnToolsVersion = 8.3.3;
						LastSwiftMigration = 0910;
						ProvisioningStyle = Automatic;
					};
				};
			};
			buildConfigurationList = 9DD1B1141FA44F0200226733 /* Build configuration list for PBXProject "GuestCheckInSystem" */;
			compatibilityVersion = "Xcode 3.2";
			developmentRegion = English;
			hasScannedForEncodings = 0;
			knownRegions = (
				en,
				Base,
			);
			mainGroup = 9DD1B1101FA44F0200226733;
			productRefGroup = 9DD1B11A1FA44F0200226733 /* Products */;
			projectDirPath = "";
			projectRoot = "";
			targets = (
				9DD1B1181FA44F0200226733 /* GuestCheckInSystem */,
			);
		};
/* End PBXProject section */

/* Begin PBXResourcesBuildPhase section */
		9DD1B1171FA44F0200226733 /* Resources */ = {
			isa = PBXResourcesBuildPhase;
			buildActionMask = 2147483647;
			files = (
				40EFE6E21FEDBA0B006DAC9A /* Info.plist in Resources */,
				9DD1B1271FA44F0200226733 /* LaunchScreen.storyboard in Resources */,
				9DD1B1241FA44F0200226733 /* Assets.xcassets in Resources */,
				9DD1B1221FA44F0200226733 /* Main.storyboard in Resources */,
			);
			runOnlyForDeploymentPostprocessing = 0;
		};
/* End PBXResourcesBuildPhase section */

/* Begin PBXShellScriptBuildPhase section */
		096B615B6474211BF41AAE1F /* [CP] Check Pods Manifest.lock */ = {
			isa = PBXShellScriptBuildPhase;
			buildActionMask = 2147483647;
			files = (
			);
			inputPaths = (
				"${PODS_PODFILE_DIR_PATH}/Podfile.lock",
				"${PODS_ROOT}/Manifest.lock",
			);
			name = "[CP] Check Pods Manifest.lock";
			outputPaths = (
				"$(DERIVED_FILE_DIR)/Pods-GuestCheckInSystem-checkManifestLockResult.txt",
			);
			runOnlyForDeploymentPostprocessing = 0;
			shellPath = /bin/sh;
			shellScript = "diff \"${PODS_PODFILE_DIR_PATH}/Podfile.lock\" \"${PODS_ROOT}/Manifest.lock\" > /dev/null\nif [ $? != 0 ] ; then\n    # print error to STDERR\n    echo \"error: The sandbox is not in sync with the Podfile.lock. Run 'pod install' or update your CocoaPods installation.\" >&2\n    exit 1\nfi\n# This output is used by Xcode 'outputs' to avoid re-running this script phase.\necho \"SUCCESS\" > \"${SCRIPT_OUTPUT_FILE_0}\"\n";
			showEnvVarsInLog = 0;
		};
		886F3AB58B27B99ADC9EBF00 /* [CP] Embed Pods Frameworks */ = {
			isa = PBXShellScriptBuildPhase;
			buildActionMask = 2147483647;
			files = (
			);
			inputPaths = (
				"${SRCROOT}/Pods/Target Support Files/Pods-GuestCheckInSystem/Pods-GuestCheckInSystem-frameworks.sh",
				"${BUILT_PRODUCTS_DIR}/DropDown/DropDown.framework",
				"${BUILT_PRODUCTS_DIR}/RSFloatInputView/RSFloatInputView.framework",
				"${BUILT_PRODUCTS_DIR}/RSSelectionMenu/RSSelectionMenu.framework",
				"${BUILT_PRODUCTS_DIR}/SKCore/SKCore.framework",
				"${BUILT_PRODUCTS_DIR}/SKWebAPI/SKWebAPI.framework",
			);
			name = "[CP] Embed Pods Frameworks";
			outputPaths = (
				"${TARGET_BUILD_DIR}/${FRAMEWORKS_FOLDER_PATH}/DropDown.framework",
				"${TARGET_BUILD_DIR}/${FRAMEWORKS_FOLDER_PATH}/RSFloatInputView.framework",
				"${TARGET_BUILD_DIR}/${FRAMEWORKS_FOLDER_PATH}/RSSelectionMenu.framework",
				"${TARGET_BUILD_DIR}/${FRAMEWORKS_FOLDER_PATH}/SKCore.framework",
				"${TARGET_BUILD_DIR}/${FRAMEWORKS_FOLDER_PATH}/SKWebAPI.framework",
			);
			runOnlyForDeploymentPostprocessing = 0;
			shellPath = /bin/sh;
			shellScript = "\"${SRCROOT}/Pods/Target Support Files/Pods-GuestCheckInSystem/Pods-GuestCheckInSystem-frameworks.sh\"\n";
			showEnvVarsInLog = 0;
		};
		B43DD9E3223EE59F1265E206 /* [CP] Copy Pods Resources */ = {
			isa = PBXShellScriptBuildPhase;
			buildActionMask = 2147483647;
			files = (
			);
			inputPaths = (
			);
			name = "[CP] Copy Pods Resources";
			outputPaths = (
			);
			runOnlyForDeploymentPostprocessing = 0;
			shellPath = /bin/sh;
			shellScript = "\"${SRCROOT}/Pods/Target Support Files/Pods-GuestCheckInSystem/Pods-GuestCheckInSystem-resources.sh\"\n";
			showEnvVarsInLog = 0;
		};
/* End PBXShellScriptBuildPhase section */

/* Begin PBXSourcesBuildPhase section */
		9DD1B1151FA44F0200226733 /* Sources */ = {
			isa = PBXSourcesBuildPhase;
			buildActionMask = 2147483647;
			files = (
				40EFE6E41FEDBA0B006DAC9A /* TextFieldEffects.swift in Sources */,
				9DD1B11F1FA44F0200226733 /* ViewController.swift in Sources */,
				406BF8F51FF04F3900E87C1E /* UIViewController+Alerts.m in Sources */,
				40036D7E1FEF2C34007CBE80 /* Slackbot.swift in Sources */,
				40F7D8121FF0366100D17776 /* ImageUploadManager.swift in Sources */,
				404B51EF1FF08D4200FC6384 /* UIColorExtension.swift in Sources */,
				402F37941FEC77A20014467B /* User.swift in Sources */,
				9D124BF11FA49B2C003A8B3B /* SlackConstants.swift in Sources */,
				9DD1B11D1FA44F0200226733 /* AppDelegate.swift in Sources */,
				406BF8F11FF04F2600E87C1E /* Reach.swift in Sources */,
				40EFE6E11FEDBA0B006DAC9A /* IsaoTextField.swift in Sources */,
			);
			runOnlyForDeploymentPostprocessing = 0;
		};
/* End PBXSourcesBuildPhase section */

/* Begin PBXVariantGroup section */
		9DD1B1201FA44F0200226733 /* Main.storyboard */ = {
			isa = PBXVariantGroup;
			children = (
				9DD1B1211FA44F0200226733 /* Base */,
			);
			name = Main.storyboard;
			sourceTree = "<group>";
		};
		9DD1B1251FA44F0200226733 /* LaunchScreen.storyboard */ = {
			isa = PBXVariantGroup;
			children = (
				9DD1B1261FA44F0200226733 /* Base */,
			);
			name = LaunchScreen.storyboard;
			sourceTree = "<group>";
		};
/* End PBXVariantGroup section */

/* Begin XCBuildConfiguration section */
		9DD1B13F1FA44F0300226733 /* Debug */ = {
			isa = XCBuildConfiguration;
			buildSettings = {
				ALWAYS_SEARCH_USER_PATHS = NO;
				CLANG_ANALYZER_NONNULL = YES;
				CLANG_ANALYZER_NUMBER_OBJECT_CONVERSION = YES_AGGRESSIVE;
				CLANG_CXX_LANGUAGE_STANDARD = "gnu++0x";
				CLANG_CXX_LIBRARY = "libc++";
				CLANG_ENABLE_MODULES = YES;
				CLANG_ENABLE_OBJC_ARC = YES;
				CLANG_WARN_BOOL_CONVERSION = YES;
				CLANG_WARN_CONSTANT_CONVERSION = YES;
				CLANG_WARN_DIRECT_OBJC_ISA_USAGE = YES_ERROR;
				CLANG_WARN_DOCUMENTATION_COMMENTS = YES;
				CLANG_WARN_EMPTY_BODY = YES;
				CLANG_WARN_ENUM_CONVERSION = YES;
				CLANG_WARN_INFINITE_RECURSION = YES;
				CLANG_WARN_INT_CONVERSION = YES;
				CLANG_WARN_OBJC_ROOT_CLASS = YES_ERROR;
				CLANG_WARN_SUSPICIOUS_MOVE = YES;
				CLANG_WARN_UNREACHABLE_CODE = YES;
				CLANG_WARN__DUPLICATE_METHOD_MATCH = YES;
				"CODE_SIGN_IDENTITY[sdk=iphoneos*]" = "iPhone Developer";
				COPY_PHASE_STRIP = NO;
				DEBUG_INFORMATION_FORMAT = dwarf;
				ENABLE_STRICT_OBJC_MSGSEND = YES;
				ENABLE_TESTABILITY = YES;
				GCC_C_LANGUAGE_STANDARD = gnu99;
				GCC_DYNAMIC_NO_PIC = NO;
				GCC_NO_COMMON_BLOCKS = YES;
				GCC_OPTIMIZATION_LEVEL = 0;
				GCC_PREPROCESSOR_DEFINITIONS = (
					"DEBUG=1",
					"$(inherited)",
				);
				GCC_WARN_64_TO_32_BIT_CONVERSION = YES;
				GCC_WARN_ABOUT_RETURN_TYPE = YES_ERROR;
				GCC_WARN_UNDECLARED_SELECTOR = YES;
				GCC_WARN_UNINITIALIZED_AUTOS = YES_AGGRESSIVE;
				GCC_WARN_UNUSED_FUNCTION = YES;
				GCC_WARN_UNUSED_VARIABLE = YES;
				IPHONEOS_DEPLOYMENT_TARGET = 10.3;
				MTL_ENABLE_DEBUG_INFO = YES;
				ONLY_ACTIVE_ARCH = YES;
				SDKROOT = iphoneos;
				SWIFT_ACTIVE_COMPILATION_CONDITIONS = DEBUG;
				SWIFT_OPTIMIZATION_LEVEL = "-Onone";
				TARGETED_DEVICE_FAMILY = "1,2";
			};
			name = Debug;
		};
		9DD1B1401FA44F0300226733 /* Release */ = {
			isa = XCBuildConfiguration;
			buildSettings = {
				ALWAYS_SEARCH_USER_PATHS = NO;
				CLANG_ANALYZER_NONNULL = YES;
				CLANG_ANALYZER_NUMBER_OBJECT_CONVERSION = YES_AGGRESSIVE;
				CLANG_CXX_LANGUAGE_STANDARD = "gnu++0x";
				CLANG_CXX_LIBRARY = "libc++";
				CLANG_ENABLE_MODULES = YES;
				CLANG_ENABLE_OBJC_ARC = YES;
				CLANG_WARN_BOOL_CONVERSION = YES;
				CLANG_WARN_CONSTANT_CONVERSION = YES;
				CLANG_WARN_DIRECT_OBJC_ISA_USAGE = YES_ERROR;
				CLANG_WARN_DOCUMENTATION_COMMENTS = YES;
				CLANG_WARN_EMPTY_BODY = YES;
				CLANG_WARN_ENUM_CONVERSION = YES;
				CLANG_WARN_INFINITE_RECURSION = YES;
				CLANG_WARN_INT_CONVERSION = YES;
				CLANG_WARN_OBJC_ROOT_CLASS = YES_ERROR;
				CLANG_WARN_SUSPICIOUS_MOVE = YES;
				CLANG_WARN_UNREACHABLE_CODE = YES;
				CLANG_WARN__DUPLICATE_METHOD_MATCH = YES;
				"CODE_SIGN_IDENTITY[sdk=iphoneos*]" = "iPhone Developer";
				COPY_PHASE_STRIP = NO;
				DEBUG_INFORMATION_FORMAT = "dwarf-with-dsym";
				ENABLE_NS_ASSERTIONS = NO;
				ENABLE_STRICT_OBJC_MSGSEND = YES;
				GCC_C_LANGUAGE_STANDARD = gnu99;
				GCC_NO_COMMON_BLOCKS = YES;
				GCC_WARN_64_TO_32_BIT_CONVERSION = YES;
				GCC_WARN_ABOUT_RETURN_TYPE = YES_ERROR;
				GCC_WARN_UNDECLARED_SELECTOR = YES;
				GCC_WARN_UNINITIALIZED_AUTOS = YES_AGGRESSIVE;
				GCC_WARN_UNUSED_FUNCTION = YES;
				GCC_WARN_UNUSED_VARIABLE = YES;
				IPHONEOS_DEPLOYMENT_TARGET = 10.3;
				MTL_ENABLE_DEBUG_INFO = NO;
				SDKROOT = iphoneos;
				SWIFT_OPTIMIZATION_LEVEL = "-Owholemodule";
				TARGETED_DEVICE_FAMILY = "1,2";
				VALIDATE_PRODUCT = YES;
			};
			name = Release;
		};
		9DD1B1421FA44F0300226733 /* Debug */ = {
			isa = XCBuildConfiguration;
			baseConfigurationReference = 335DCCD9001B6025B7E15495 /* Pods-GuestCheckInSystem.debug.xcconfig */;
			buildSettings = {
				ASSETCATALOG_COMPILER_APPICON_NAME = AppIcon;
				CLANG_ENABLE_MODULES = YES;
				INFOPLIST_FILE = GuestCheckInSystem/Info.plist;
				IPHONEOS_DEPLOYMENT_TARGET = 11.0;
				LD_RUNPATH_SEARCH_PATHS = "$(inherited) @executable_path/Frameworks";
				PRODUCT_BUNDLE_IDENTIFIER = gchungsy.guestCI;
				PRODUCT_NAME = "$(TARGET_NAME)";
				SWIFT_OBJC_BRIDGING_HEADER = "GuestCheckInSystem/SlackChannelBotIntegration-Bridging-Header.h";
				SWIFT_OPTIMIZATION_LEVEL = "-Onone";
				SWIFT_VERSION = 3.0;
				TARGETED_DEVICE_FAMILY = 2;
			};
			name = Debug;
		};
		9DD1B1431FA44F0300226733 /* Release */ = {
			isa = XCBuildConfiguration;
			baseConfigurationReference = 7E18966BD0F1ED307EF0C968 /* Pods-GuestCheckInSystem.release.xcconfig */;
			buildSettings = {
				ASSETCATALOG_COMPILER_APPICON_NAME = AppIcon;
				CLANG_ENABLE_MODULES = YES;
				INFOPLIST_FILE = GuestCheckInSystem/Info.plist;
				IPHONEOS_DEPLOYMENT_TARGET = 11.0;
				LD_RUNPATH_SEARCH_PATHS = "$(inherited) @executable_path/Frameworks";
				PRODUCT_BUNDLE_IDENTIFIER = gchungsy.guestCI;
				PRODUCT_NAME = "$(TARGET_NAME)";
				SWIFT_OBJC_BRIDGING_HEADER = "GuestCheckInSystem/SlackChannelBotIntegration-Bridging-Header.h";
				SWIFT_VERSION = 3.0;
				TARGETED_DEVICE_FAMILY = 2;
			};
			name = Release;
		};
/* End XCBuildConfiguration section */

/* Begin XCConfigurationList section */
		9DD1B1141FA44F0200226733 /* Build configuration list for PBXProject "GuestCheckInSystem" */ = {
			isa = XCConfigurationList;
			buildConfigurations = (
				9DD1B13F1FA44F0300226733 /* Debug */,
				9DD1B1401FA44F0300226733 /* Release */,
			);
			defaultConfigurationIsVisible = 0;
			defaultConfigurationName = Release;
		};
		9DD1B1411FA44F0300226733 /* Build configuration list for PBXNativeTarget "GuestCheckInSystem" */ = {
			isa = XCConfigurationList;
			buildConfigurations = (
				9DD1B1421FA44F0300226733 /* Debug */,
				9DD1B1431FA44F0300226733 /* Release */,
			);
			defaultConfigurationIsVisible = 0;
			defaultConfigurationName = Release;
		};
/* End XCConfigurationList section */
	};
	rootObject = 9DD1B1111FA44F0200226733 /* Project object */;
}
