PODS:
  - DropDown (2.0.2)
  - RSFloatInputView (1.0.0)
  - RSSelectionMenu (3.1)
  - SKCore (4.0.4)
  - SKWebAPI (4.0.7):
    - SKCore

DEPENDENCIES:
  - DropDown
  - RSFloatInputView
  - RSSelectionMenu
  - SKWebAPI

SPEC CHECKSUMS:
  DropDown: 75562633a203f57a917021b4edb96c76f293b0ec
  RSFloatInputView: fea19c7b6c1228047379ee38ca9bca9e9d5a0fd6
  RSSelectionMenu: c38899d621bd8fc87b187b6e63bcda2f3b4be9bd
  SKCore: 47f7643fc82ed78fc1954350347dcb2811990812
  SKWebAPI: a8538700c992fd11be1914a0859ac572b3aea756

PODFILE CHECKSUM: 0b94c977a7e902a75a111c5da695d43500f2a9b5

COCOAPODS: 1.3.1
